
Microsoft Visual Studio Solution File, Format Version 12.00
# Visual Studio Version 16
VisualStudioVersion = 16.0.29806.167
MinimumVisualStudioVersion = 10.0.40219.1
Project("{FAE04EC0-301F-11D3-BF4B-00C04F79EFBC}") = "SSW.Data", "src\SSW.Data\SSW.Data.csproj", "{CF028B3E-96B6-4A5D-8D5C-095C6D320D32}"
EndProject
Project("{FAE04EC0-301F-11D3-BF4B-00C04F79EFBC}") = "SSW.Web", "src\SSW.Web\SSW.Web.csproj", "{DB37411F-B192-4FDC-A199-BFF0DE5687FA}"
EndProject
Global
	GlobalSection(SolutionConfigurationPlatforms) = preSolution
		Debug|Any CPU = Debug|Any CPU
		Release|Any CPU = Release|Any CPU
	EndGlobalSection
	GlobalSection(ProjectConfigurationPlatforms) = postSolution
		{CF028B3E-96B6-4A5D-8D5C-095C6D320D32}.Debug|Any CPU.ActiveCfg = Debug|Any CPU
		{CF028B3E-96B6-4A5D-8D5C-095C6D320D32}.Debug|Any CPU.Build.0 = Debug|Any CPU
		{CF028B3E-96B6-4A5D-8D5C-095C6D320D32}.Release|Any CPU.ActiveCfg = Release|Any CPU
		{CF028B3E-96B6-4A5D-8D5C-095C6D320D32}.Release|Any CPU.Build.0 = Release|Any CPU
		{DB37411F-B192-4FDC-A199-BFF0DE5687FA}.Debug|Any CPU.ActiveCfg = Debug|Any CPU
		{DB37411F-B192-4FDC-A199-BFF0DE5687FA}.Debug|Any CPU.Build.0 = Debug|Any CPU
		{DB37411F-B192-4FDC-A199-BFF0DE5687FA}.Release|Any CPU.ActiveCfg = Release|Any CPU
		{DB37411F-B192-4FDC-A199-BFF0DE5687FA}.Release|Any CPU.Build.0 = Release|Any CPU
	EndGlobalSection
	GlobalSection(SolutionProperties) = preSolution
		HideSolutionNode = FALSE
	EndGlobalSection
	GlobalSection(ExtensibilityGlobals) = postSolution
		SolutionGuid = {A28A63A2-D654-4710-BAE3-15D812BC898A}
	EndGlobalSection
EndGlobal
